
Microsoft Visual Studio Solution File, Format Version 12.00
# Visual Studio Version 16
VisualStudioVersion = 16.0.31515.178
MinimumVisualStudioVersion = 10.0.40219.1
Project("{9A19103F-16F7-4668-BE54-9A1E7A4F7556}") = "BrowserChooser", "BrowserChooser\BrowserChooser.csproj", "{F68ADC67-5A2F-4428-9573-19C0EA8CB7CC}"
EndProject
Project("{FAE04EC0-301F-11D3-BF4B-00C04F79EFBC}") = "Installer", "Installer\Installer.csproj", "{35C6152B-2280-4E93-BB19-FE31B6D47FB3}"
EndProject
Project("{FAE04EC0-301F-11D3-BF4B-00C04F79EFBC}") = "Uninstaller", "Uninstaller\Uninstaller.csproj", "{76F16617-89E3-43D6-AEC0-94A5E49696D2}"
EndProject
Global
	GlobalSection(SolutionConfigurationPlatforms) = preSolution
		Debug|Any CPU = Debug|Any CPU
		Release|Any CPU = Release|Any CPU
	EndGlobalSection
	GlobalSection(ProjectConfigurationPlatforms) = postSolution
		{F68ADC67-5A2F-4428-9573-19C0EA8CB7CC}.Debug|Any CPU.ActiveCfg = Debug|Any CPU
		{F68ADC67-5A2F-4428-9573-19C0EA8CB7CC}.Debug|Any CPU.Build.0 = Debug|Any CPU
		{F68ADC67-5A2F-4428-9573-19C0EA8CB7CC}.Release|Any CPU.ActiveCfg = Release|Any CPU
		{F68ADC67-5A2F-4428-9573-19C0EA8CB7CC}.Release|Any CPU.Build.0 = Release|Any CPU
		{35C6152B-2280-4E93-BB19-FE31B6D47FB3}.Debug|Any CPU.ActiveCfg = Debug|Any CPU
		{35C6152B-2280-4E93-BB19-FE31B6D47FB3}.Debug|Any CPU.Build.0 = Debug|Any CPU
		{35C6152B-2280-4E93-BB19-FE31B6D47FB3}.Release|Any CPU.ActiveCfg = Release|Any CPU
		{35C6152B-2280-4E93-BB19-FE31B6D47FB3}.Release|Any CPU.Build.0 = Release|Any CPU
		{76F16617-89E3-43D6-AEC0-94A5E49696D2}.Debug|Any CPU.ActiveCfg = Debug|Any CPU
		{76F16617-89E3-43D6-AEC0-94A5E49696D2}.Debug|Any CPU.Build.0 = Debug|Any CPU
		{76F16617-89E3-43D6-AEC0-94A5E49696D2}.Release|Any CPU.ActiveCfg = Release|Any CPU
		{76F16617-89E3-43D6-AEC0-94A5E49696D2}.Release|Any CPU.Build.0 = Release|Any CPU
	EndGlobalSection
	GlobalSection(SolutionProperties) = preSolution
		HideSolutionNode = FALSE
	EndGlobalSection
	GlobalSection(ExtensibilityGlobals) = postSolution
		SolutionGuid = {62359582-8B87-410A-BBC2-132D6A2C4829}
	EndGlobalSection
EndGlobal
